<Solution>
  <Folder Name="/协议实战/">
    <Project Path="ComDemo/ComDemo.csproj" Id="eed71469-e11b-41fd-8cd5-dac0e2d5e5c8" />
    <Project Path="ModbusDemo/ModbusDemo.csproj" Id="a5b79225-ec3f-44c0-863d-e3d51695da75" />
    <Project Path="OPCDemo/OPCDemo.csproj" Id="997e5a2f-2596-4251-8971-4e33133ade86" />
    <Project Path="SocketDemo/SocketDemo.csproj" Id="26bcdc29-de53-48c0-985a-f2ea917199b2" />
  </Folder>
  <Folder Name="/项目实战/">
    <Project Path="CommunityToolkitDemo/CommunityToolkitDemo.csproj" />
    <Project Path="PrismDemo/PrismDemo.csproj" />
    <Project Path="PrismDemo/tests/PrismDemo.Tests/PrismDemo.Tests.csproj" />
  </Folder>
  <Project Path="Lesson1/Lesson1.csproj" />
  <Project Path="Lesson2/Lesson2.csproj" />
</Solution>
